// !$*UTF8*$!
{
	archiveVersion = 1;
	classes = {
	};
	objectVersion = 50;
	objects = {

/* Begin PBXBuildFile section */
		850A206C240E3AEE0036E2FD /* JYTLoadingView.m in Sources */ = {isa = PBXBuildFile; fileRef = 850A206B240E3AEE0036E2FD /* JYTLoadingView.m */; };
		851DDD14250E10E6007A806E /* CHSingleChioseViewController.m in Sources */ = {isa = PBXBuildFile; fileRef = 851DDD12250E10E6007A806E /* CHSingleChioseViewController.m */; };
		851DDD15250E10E6007A806E /* CHSingleChioseViewController.xib in Resources */ = {isa = PBXBuildFile; fileRef = 851DDD13250E10E6007A806E /* CHSingleChioseViewController.xib */; };
		851DDD18250E114B007A806E /* CHSingleChioseView.m in Sources */ = {isa = PBXBuildFile; fileRef = 851DDD17250E114B007A806E /* CHSingleChioseView.m */; };
		851DDD1F250E4BCD007A806E /* CHScrolleTestViewController.m in Sources */ = {isa = PBXBuildFile; fileRef = 851DDD1D250E4BCD007A806E /* CHScrolleTestViewController.m */; };
		851DDD20250E4BCD007A806E /* CHScrolleTestViewController.xib in Resources */ = {isa = PBXBuildFile; fileRef = 851DDD1E250E4BCD007A806E /* CHScrolleTestViewController.xib */; };
		8523323C244AF7380008048A /* CHCenterAlertController.m in Sources */ = {isa = PBXBuildFile; fileRef = 8523323B244AF7380008048A /* CHCenterAlertController.m */; };
		8542B20F23C5D7CF0052E441 /* AppDelegate.m in Sources */ = {isa = PBXBuildFile; fileRef = 8542B20E23C5D7CF0052E441 /* AppDelegate.m */; };
		8542B21223C5D7CF0052E441 /* SceneDelegate.m in Sources */ = {isa = PBXBuildFile; fileRef = 8542B21123C5D7CF0052E441 /* SceneDelegate.m */; };
		8542B21523C5D7CF0052E441 /* ViewController.m in Sources */ = {isa = PBXBuildFile; fileRef = 8542B21423C5D7CF0052E441 /* ViewController.m */; };
		8542B21823C5D7CF0052E441 /* Main.storyboard in Resources */ = {isa = PBXBuildFile; fileRef = 8542B21623C5D7CF0052E441 /* Main.storyboard */; };
		8542B21A23C5D7D00052E441 /* Assets.xcassets in Resources */ = {isa = PBXBuildFile; fileRef = 8542B21923C5D7D00052E441 /* Assets.xcassets */; };
		8542B21D23C5D7D00052E441 /* LaunchScreen.storyboard in Resources */ = {isa = PBXBuildFile; fileRef = 8542B21B23C5D7D00052E441 /* LaunchScreen.storyboard */; };
		8542B22023C5D7D00052E441 /* main.m in Sources */ = {isa = PBXBuildFile; fileRef = 8542B21F23C5D7D00052E441 /* main.m */; };
		8542B22723C5D8370052E441 /* readme.md in Resources */ = {isa = PBXBuildFile; fileRef = 8542B22623C5D8370052E441 /* readme.md */; };
		8545D80C2436CD160083091A /* CHProgressHUD.m in Sources */ = {isa = PBXBuildFile; fileRef = 8545D80A2436CD160083091A /* CHProgressHUD.m */; };
		8545D8102436CF520083091A /* CHAlertController.m in Sources */ = {isa = PBXBuildFile; fileRef = 8545D80E2436CF520083091A /* CHAlertController.m */; };
		8545D8142436D0050083091A /* TestAlertViewController.m in Sources */ = {isa = PBXBuildFile; fileRef = 8545D8122436D0050083091A /* TestAlertViewController.m */; };
		8545D8152436D0050083091A /* TestAlertViewController.xib in Resources */ = {isa = PBXBuildFile; fileRef = 8545D8132436D0050083091A /* TestAlertViewController.xib */; };
		85631E53246B98FF00AC6F74 /* CHGCDViewController.m in Sources */ = {isa = PBXBuildFile; fileRef = 85631E51246B98FF00AC6F74 /* CHGCDViewController.m */; };
		85631E54246B98FF00AC6F74 /* CHGCDViewController.xib in Resources */ = {isa = PBXBuildFile; fileRef = 85631E52246B98FF00AC6F74 /* CHGCDViewController.xib */; };
		857022E32480DF48000C8D82 /* CHDelegateViewController.xib in Resources */ = {isa = PBXBuildFile; fileRef = 857022E02480DF48000C8D82 /* CHDelegateViewController.xib */; };
		857022E42480DF48000C8D82 /* CHDelegateViewController.m in Sources */ = {isa = PBXBuildFile; fileRef = 857022E22480DF48000C8D82 /* CHDelegateViewController.m */; };
		857022E82480E07E000C8D82 /* CHDelegateNextViewController.m in Sources */ = {isa = PBXBuildFile; fileRef = 857022E62480E07E000C8D82 /* CHDelegateNextViewController.m */; };
		857022E92480E07E000C8D82 /* CHDelegateNextViewController.xib in Resources */ = {isa = PBXBuildFile; fileRef = 857022E72480E07E000C8D82 /* CHDelegateNextViewController.xib */; };
		857022EF2480F848000C8D82 /* CHDelegateManage.m in Sources */ = {isa = PBXBuildFile; fileRef = 857022EE2480F848000C8D82 /* CHDelegateManage.m */; };
		858A55DF251357B300C1F503 /* NSObject+LogUtils.m in Sources */ = {isa = PBXBuildFile; fileRef = 858A55DD251357B300C1F503 /* NSObject+LogUtils.m */; };
		858A55E52513635E00C1F503 /* ExtendNSDictionary.m in Sources */ = {isa = PBXBuildFile; fileRef = 858A55E32513635E00C1F503 /* ExtendNSDictionary.m */; };
		858C8CEF246D444E00738236 /* CHLabelViewController.m in Sources */ = {isa = PBXBuildFile; fileRef = 858C8CED246D444E00738236 /* CHLabelViewController.m */; };
		858C8CF0246D444E00738236 /* CHLabelViewController.xib in Resources */ = {isa = PBXBuildFile; fileRef = 858C8CEE246D444E00738236 /* CHLabelViewController.xib */; };
		85A4F3C2242AFCA600D96524 /* CHCache.m in Sources */ = {isa = PBXBuildFile; fileRef = 85A4F3BA242AFCA600D96524 /* CHCache.m */; };
		85A4F3C3242AFCA600D96524 /* CHKVStorage.m in Sources */ = {isa = PBXBuildFile; fileRef = 85A4F3BB242AFCA600D96524 /* CHKVStorage.m */; };
		85A4F3C4242AFCA600D96524 /* CHMemoryCache.m in Sources */ = {isa = PBXBuildFile; fileRef = 85A4F3BC242AFCA600D96524 /* CHMemoryCache.m */; };
		85A4F3C5242AFCA600D96524 /* CHDiskCache.m in Sources */ = {isa = PBXBuildFile; fileRef = 85A4F3BF242AFCA600D96524 /* CHDiskCache.m */; };
		85BDAC4F246A71E500B9E5B8 /* CHTitleAlertController.m in Sources */ = {isa = PBXBuildFile; fileRef = 85BDAC4E246A71E500B9E5B8 /* CHTitleAlertController.m */; };
		85C54F7023C7069600518820 /* CHFileManage.m in Sources */ = {isa = PBXBuildFile; fileRef = 85C54F6E23C7069600518820 /* CHFileManage.m */; };
		85C54F7A23C708A200518820 /* FileManageViewController.m in Sources */ = {isa = PBXBuildFile; fileRef = 85C54F7823C708A200518820 /* FileManageViewController.m */; };
		85C54F7B23C708A200518820 /* FileManageViewController.xib in Resources */ = {isa = PBXBuildFile; fileRef = 85C54F7923C708A200518820 /* FileManageViewController.xib */; };
		85C54F8223C7108800518820 /* 小知识点.docx in Resources */ = {isa = PBXBuildFile; fileRef = 85C54F8123C7108800518820 /* 小知识点.docx */; };
		85C54F8623C7134800518820 /* CHHash.m in Sources */ = {isa = PBXBuildFile; fileRef = 85C54F8523C7134800518820 /* CHHash.m */; };
		85C54F8A23C714B000518820 /* CHHashTableViewController.m in Sources */ = {isa = PBXBuildFile; fileRef = 85C54F8823C714B000518820 /* CHHashTableViewController.m */; };
		85C54F8B23C714B000518820 /* CHHashTableViewController.xib in Resources */ = {isa = PBXBuildFile; fileRef = 85C54F8923C714B000518820 /* CHHashTableViewController.xib */; };
		85C67CEF2427824F003B91E3 /* NSObject+CHModel.m in Sources */ = {isa = PBXBuildFile; fileRef = 85C67CEB2427824F003B91E3 /* NSObject+CHModel.m */; };
		85C67CF02427824F003B91E3 /* CHClassInfo.m in Sources */ = {isa = PBXBuildFile; fileRef = 85C67CEE2427824F003B91E3 /* CHClassInfo.m */; };
		85C67CF224278289003B91E3 /* README.md in Resources */ = {isa = PBXBuildFile; fileRef = 85C67CF124278289003B91E3 /* README.md */; };
		85DBD5A12463A386007922A0 /* CHButton.m in Sources */ = {isa = PBXBuildFile; fileRef = 85DBD5A02463A386007922A0 /* CHButton.m */; };
		85DBD5AA2463A43F007922A0 /* CHButtonController.m in Sources */ = {isa = PBXBuildFile; fileRef = 85DBD5A92463A43F007922A0 /* CHButtonController.m */; };
/* End PBXBuildFile section */

/* Begin PBXFileReference section */
		850A206A240E3AEE0036E2FD /* JYTLoadingView.h */ = {isa = PBXFileReference; fileEncoding = 4; lastKnownFileType = sourcecode.c.h; path = JYTLoadingView.h; sourceTree = "<group>"; };
		850A206B240E3AEE0036E2FD /* JYTLoadingView.m */ = {isa = PBXFileReference; fileEncoding = 4; lastKnownFileType = sourcecode.c.objc; path = JYTLoadingView.m; sourceTree = "<group>"; };
		851DDD11250E10E6007A806E /* CHSingleChioseViewController.h */ = {isa = PBXFileReference; lastKnownFileType = sourcecode.c.h; path = CHSingleChioseViewController.h; sourceTree = "<group>"; };
		851DDD12250E10E6007A806E /* CHSingleChioseViewController.m */ = {isa = PBXFileReference; lastKnownFileType = sourcecode.c.objc; path = CHSingleChioseViewController.m; sourceTree = "<group>"; };
		851DDD13250E10E6007A806E /* CHSingleChioseViewController.xib */ = {isa = PBXFileReference; lastKnownFileType = file.xib; path = CHSingleChioseViewController.xib; sourceTree = "<group>"; };
		851DDD16250E114B007A806E /* CHSingleChioseView.h */ = {isa = PBXFileReference; lastKnownFileType = sourcecode.c.h; path = CHSingleChioseView.h; sourceTree = "<group>"; };
		851DDD17250E114B007A806E /* CHSingleChioseView.m */ = {isa = PBXFileReference; lastKnownFileType = sourcecode.c.objc; path = CHSingleChioseView.m; sourceTree = "<group>"; };
		851DDD1C250E4BCD007A806E /* CHScrolleTestViewController.h */ = {isa = PBXFileReference; lastKnownFileType = sourcecode.c.h; path = CHScrolleTestViewController.h; sourceTree = "<group>"; };
		851DDD1D250E4BCD007A806E /* CHScrolleTestViewController.m */ = {isa = PBXFileReference; lastKnownFileType = sourcecode.c.objc; path = CHScrolleTestViewController.m; sourceTree = "<group>"; };
		851DDD1E250E4BCD007A806E /* CHScrolleTestViewController.xib */ = {isa = PBXFileReference; lastKnownFileType = file.xib; path = CHScrolleTestViewController.xib; sourceTree = "<group>"; };
		8523323A244AF7380008048A /* CHCenterAlertController.h */ = {isa = PBXFileReference; fileEncoding = 4; lastKnownFileType = sourcecode.c.h; path = CHCenterAlertController.h; sourceTree = "<group>"; };
		8523323B244AF7380008048A /* CHCenterAlertController.m */ = {isa = PBXFileReference; fileEncoding = 4; lastKnownFileType = sourcecode.c.objc; path = CHCenterAlertController.m; sourceTree = "<group>"; };
		8542B20A23C5D7CF0052E441 /* CHOCTool.app */ = {isa = PBXFileReference; explicitFileType = wrapper.application; includeInIndex = 0; path = CHOCTool.app; sourceTree = BUILT_PRODUCTS_DIR; };
		8542B20D23C5D7CF0052E441 /* AppDelegate.h */ = {isa = PBXFileReference; lastKnownFileType = sourcecode.c.h; path = AppDelegate.h; sourceTree = "<group>"; };
		8542B20E23C5D7CF0052E441 /* AppDelegate.m */ = {isa = PBXFileReference; lastKnownFileType = sourcecode.c.objc; path = AppDelegate.m; sourceTree = "<group>"; };
		8542B21023C5D7CF0052E441 /* SceneDelegate.h */ = {isa = PBXFileReference; lastKnownFileType = sourcecode.c.h; path = SceneDelegate.h; sourceTree = "<group>"; };
		8542B21123C5D7CF0052E441 /* SceneDelegate.m */ = {isa = PBXFileReference; lastKnownFileType = sourcecode.c.objc; path = SceneDelegate.m; sourceTree = "<group>"; };
		8542B21323C5D7CF0052E441 /* ViewController.h */ = {isa = PBXFileReference; lastKnownFileType = sourcecode.c.h; path = ViewController.h; sourceTree = "<group>"; };
		8542B21423C5D7CF0052E441 /* ViewController.m */ = {isa = PBXFileReference; lastKnownFileType = sourcecode.c.objc; path = ViewController.m; sourceTree = "<group>"; };
		8542B21723C5D7CF0052E441 /* Base */ = {isa = PBXFileReference; lastKnownFileType = file.storyboard; name = Base; path = Base.lproj/Main.storyboard; sourceTree = "<group>"; };
		8542B21923C5D7D00052E441 /* Assets.xcassets */ = {isa = PBXFileReference; lastKnownFileType = folder.assetcatalog; path = Assets.xcassets; sourceTree = "<group>"; };
		8542B21C23C5D7D00052E441 /* Base */ = {isa = PBXFileReference; lastKnownFileType = file.storyboard; name = Base; path = Base.lproj/LaunchScreen.storyboard; sourceTree = "<group>"; };
		8542B21E23C5D7D00052E441 /* Info.plist */ = {isa = PBXFileReference; lastKnownFileType = text.plist.xml; path = Info.plist; sourceTree = "<group>"; };
		8542B21F23C5D7D00052E441 /* main.m */ = {isa = PBXFileReference; lastKnownFileType = sourcecode.c.objc; path = main.m; sourceTree = "<group>"; };
		8542B22623C5D8370052E441 /* readme.md */ = {isa = PBXFileReference; fileEncoding = 4; lastKnownFileType = net.daringfireball.markdown; name = readme.md; path = ../../readme.md; sourceTree = "<group>"; };
		8545D80A2436CD160083091A /* CHProgressHUD.m */ = {isa = PBXFileReference; fileEncoding = 4; lastKnownFileType = sourcecode.c.objc; path = CHProgressHUD.m; sourceTree = "<group>"; };
		8545D80B2436CD160083091A /* CHProgressHUD.h */ = {isa = PBXFileReference; fileEncoding = 4; lastKnownFileType = sourcecode.c.h; path = CHProgressHUD.h; sourceTree = "<group>"; };
		8545D80E2436CF520083091A /* CHAlertController.m */ = {isa = PBXFileReference; fileEncoding = 4; lastKnownFileType = sourcecode.c.objc; path = CHAlertController.m; sourceTree = "<group>"; };
		8545D80F2436CF520083091A /* CHAlertController.h */ = {isa = PBXFileReference; fileEncoding = 4; lastKnownFileType = sourcecode.c.h; path = CHAlertController.h; sourceTree = "<group>"; };
		8545D8112436D0050083091A /* TestAlertViewController.h */ = {isa = PBXFileReference; lastKnownFileType = sourcecode.c.h; path = TestAlertViewController.h; sourceTree = "<group>"; };
		8545D8122436D0050083091A /* TestAlertViewController.m */ = {isa = PBXFileReference; lastKnownFileType = sourcecode.c.objc; path = TestAlertViewController.m; sourceTree = "<group>"; };
		8545D8132436D0050083091A /* TestAlertViewController.xib */ = {isa = PBXFileReference; lastKnownFileType = file.xib; path = TestAlertViewController.xib; sourceTree = "<group>"; };
		8545D8162436D2B00083091A /* PrefixHeader.pch */ = {isa = PBXFileReference; lastKnownFileType = sourcecode.c.h; path = PrefixHeader.pch; sourceTree = "<group>"; };
		85631E50246B98FF00AC6F74 /* CHGCDViewController.h */ = {isa = PBXFileReference; lastKnownFileType = sourcecode.c.h; path = CHGCDViewController.h; sourceTree = "<group>"; };
		85631E51246B98FF00AC6F74 /* CHGCDViewController.m */ = {isa = PBXFileReference; lastKnownFileType = sourcecode.c.objc; path = CHGCDViewController.m; sourceTree = "<group>"; };
		85631E52246B98FF00AC6F74 /* CHGCDViewController.xib */ = {isa = PBXFileReference; lastKnownFileType = file.xib; path = CHGCDViewController.xib; sourceTree = "<group>"; };
		857022E02480DF48000C8D82 /* CHDelegateViewController.xib */ = {isa = PBXFileReference; fileEncoding = 4; lastKnownFileType = file.xib; path = CHDelegateViewController.xib; sourceTree = "<group>"; };
		857022E12480DF48000C8D82 /* CHDelegateViewController.h */ = {isa = PBXFileReference; fileEncoding = 4; lastKnownFileType = sourcecode.c.h; path = CHDelegateViewController.h; sourceTree = "<group>"; };
		857022E22480DF48000C8D82 /* CHDelegateViewController.m */ = {isa = PBXFileReference; fileEncoding = 4; lastKnownFileType = sourcecode.c.objc; path = CHDelegateViewController.m; sourceTree = "<group>"; };
		857022E52480E07E000C8D82 /* CHDelegateNextViewController.h */ = {isa = PBXFileReference; lastKnownFileType = sourcecode.c.h; path = CHDelegateNextViewController.h; sourceTree = "<group>"; };
		857022E62480E07E000C8D82 /* CHDelegateNextViewController.m */ = {isa = PBXFileReference; lastKnownFileType = sourcecode.c.objc; path = CHDelegateNextViewController.m; sourceTree = "<group>"; };
		857022E72480E07E000C8D82 /* CHDelegateNextViewController.xib */ = {isa = PBXFileReference; lastKnownFileType = file.xib; path = CHDelegateNextViewController.xib; sourceTree = "<group>"; };
		857022EA2480F34F000C8D82 /* CHDelegate.h */ = {isa = PBXFileReference; lastKnownFileType = sourcecode.c.h; path = CHDelegate.h; sourceTree = "<group>"; };
		857022ED2480F848000C8D82 /* CHDelegateManage.h */ = {isa = PBXFileReference; lastKnownFileType = sourcecode.c.h; path = CHDelegateManage.h; sourceTree = "<group>"; };
		857022EE2480F848000C8D82 /* CHDelegateManage.m */ = {isa = PBXFileReference; lastKnownFileType = sourcecode.c.objc; path = CHDelegateManage.m; sourceTree = "<group>"; };
		858A55DD251357B300C1F503 /* NSObject+LogUtils.m */ = {isa = PBXFileReference; fileEncoding = 4; lastKnownFileType = sourcecode.c.objc; path = "NSObject+LogUtils.m"; sourceTree = "<group>"; };
		858A55DE251357B300C1F503 /* NSObject+LogUtils.h */ = {isa = PBXFileReference; fileEncoding = 4; lastKnownFileType = sourcecode.c.h; path = "NSObject+LogUtils.h"; sourceTree = "<group>"; };
		858A55E32513635E00C1F503 /* ExtendNSDictionary.m */ = {isa = PBXFileReference; fileEncoding = 4; lastKnownFileType = sourcecode.c.objc; path = ExtendNSDictionary.m; sourceTree = "<group>"; };
		858A55E42513635E00C1F503 /* ExtendNSDictionary.h */ = {isa = PBXFileReference; fileEncoding = 4; lastKnownFileType = sourcecode.c.h; path = ExtendNSDictionary.h; sourceTree = "<group>"; };
		858C8CEC246D444E00738236 /* CHLabelViewController.h */ = {isa = PBXFileReference; lastKnownFileType = sourcecode.c.h; path = CHLabelViewController.h; sourceTree = "<group>"; };
		858C8CED246D444E00738236 /* CHLabelViewController.m */ = {isa = PBXFileReference; lastKnownFileType = sourcecode.c.objc; path = CHLabelViewController.m; sourceTree = "<group>"; };
		858C8CEE246D444E00738236 /* CHLabelViewController.xib */ = {isa = PBXFileReference; lastKnownFileType = file.xib; path = CHLabelViewController.xib; sourceTree = "<group>"; };
		85A4F3BA242AFCA600D96524 /* CHCache.m */ = {isa = PBXFileReference; fileEncoding = 4; lastKnownFileType = sourcecode.c.objc; path = CHCache.m; sourceTree = "<group>"; };
		85A4F3BB242AFCA600D96524 /* CHKVStorage.m */ = {isa = PBXFileReference; fileEncoding = 4; lastKnownFileType = sourcecode.c.objc; path = CHKVStorage.m; sourceTree = "<group>"; };
		85A4F3BC242AFCA600D96524 /* CHMemoryCache.m */ = {isa = PBXFileReference; fileEncoding = 4; lastKnownFileType = sourcecode.c.objc; path = CHMemoryCache.m; sourceTree = "<group>"; };
		85A4F3BD242AFCA600D96524 /* CHDiskCache.h */ = {isa = PBXFileReference; fileEncoding = 4; lastKnownFileType = sourcecode.c.h; path = CHDiskCache.h; sourceTree = "<group>"; };
		85A4F3BE242AFCA600D96524 /* CHMemoryCache.h */ = {isa = PBXFileReference; fileEncoding = 4; lastKnownFileType = sourcecode.c.h; path = CHMemoryCache.h; sourceTree = "<group>"; };
		85A4F3BF242AFCA600D96524 /* CHDiskCache.m */ = {isa = PBXFileReference; fileEncoding = 4; lastKnownFileType = sourcecode.c.objc; path = CHDiskCache.m; sourceTree = "<group>"; };
		85A4F3C0242AFCA600D96524 /* CHKVStorage.h */ = {isa = PBXFileReference; fileEncoding = 4; lastKnownFileType = sourcecode.c.h; path = CHKVStorage.h; sourceTree = "<group>"; };
		85A4F3C1242AFCA600D96524 /* CHCache.h */ = {isa = PBXFileReference; fileEncoding = 4; lastKnownFileType = sourcecode.c.h; path = CHCache.h; sourceTree = "<group>"; };
		85BDAC4D246A71E500B9E5B8 /* CHTitleAlertController.h */ = {isa = PBXFileReference; fileEncoding = 4; lastKnownFileType = sourcecode.c.h; path = CHTitleAlertController.h; sourceTree = "<group>"; };
		85BDAC4E246A71E500B9E5B8 /* CHTitleAlertController.m */ = {isa = PBXFileReference; fileEncoding = 4; lastKnownFileType = sourcecode.c.objc; path = CHTitleAlertController.m; sourceTree = "<group>"; };
		85C54F6E23C7069600518820 /* CHFileManage.m */ = {isa = PBXFileReference; fileEncoding = 4; lastKnownFileType = sourcecode.c.objc; path = CHFileManage.m; sourceTree = "<group>"; };
		85C54F6F23C7069600518820 /* CHFileManage.h */ = {isa = PBXFileReference; fileEncoding = 4; lastKnownFileType = sourcecode.c.h; path = CHFileManage.h; sourceTree = "<group>"; };
		85C54F7723C708A200518820 /* FileManageViewController.h */ = {isa = PBXFileReference; lastKnownFileType = sourcecode.c.h; path = FileManageViewController.h; sourceTree = "<group>"; };
		85C54F7823C708A200518820 /* FileManageViewController.m */ = {isa = PBXFileReference; lastKnownFileType = sourcecode.c.objc; path = FileManageViewController.m; sourceTree = "<group>"; };
		85C54F7923C708A200518820 /* FileManageViewController.xib */ = {isa = PBXFileReference; lastKnownFileType = file.xib; path = FileManageViewController.xib; sourceTree = "<group>"; };
		85C54F8123C7108800518820 /* 小知识点.docx */ = {isa = PBXFileReference; lastKnownFileType = file; path = "小知识点.docx"; sourceTree = "<group>"; };
		85C54F8423C7134800518820 /* CHHash.h */ = {isa = PBXFileReference; lastKnownFileType = sourcecode.c.h; path = CHHash.h; sourceTree = "<group>"; };
		85C54F8523C7134800518820 /* CHHash.m */ = {isa = PBXFileReference; lastKnownFileType = sourcecode.c.objc; path = CHHash.m; sourceTree = "<group>"; };
		85C54F8723C714B000518820 /* CHHashTableViewController.h */ = {isa = PBXFileReference; lastKnownFileType = sourcecode.c.h; path = CHHashTableViewController.h; sourceTree = "<group>"; };
		85C54F8823C714B000518820 /* CHHashTableViewController.m */ = {isa = PBXFileReference; lastKnownFileType = sourcecode.c.objc; path = CHHashTableViewController.m; sourceTree = "<group>"; };
		85C54F8923C714B000518820 /* CHHashTableViewController.xib */ = {isa = PBXFileReference; lastKnownFileType = file.xib; path = CHHashTableViewController.xib; sourceTree = "<group>"; };
		85C67CEA2427824F003B91E3 /* CHModel.h */ = {isa = PBXFileReference; fileEncoding = 4; lastKnownFileType = sourcecode.c.h; path = CHModel.h; sourceTree = "<group>"; };
		85C67CEB2427824F003B91E3 /* NSObject+CHModel.m */ = {isa = PBXFileReference; fileEncoding = 4; lastKnownFileType = sourcecode.c.objc; path = "NSObject+CHModel.m"; sourceTree = "<group>"; };
		85C67CEC2427824F003B91E3 /* CHClassInfo.h */ = {isa = PBXFileReference; fileEncoding = 4; lastKnownFileType = sourcecode.c.h; path = CHClassInfo.h; sourceTree = "<group>"; };
		85C67CED2427824F003B91E3 /* NSObject+CHModel.h */ = {isa = PBXFileReference; fileEncoding = 4; lastKnownFileType = sourcecode.c.h; path = "NSObject+CHModel.h"; sourceTree = "<group>"; };
		85C67CEE2427824F003B91E3 /* CHClassInfo.m */ = {isa = PBXFileReference; fileEncoding = 4; lastKnownFileType = sourcecode.c.objc; path = CHClassInfo.m; sourceTree = "<group>"; };
		85C67CF124278289003B91E3 /* README.md */ = {isa = PBXFileReference; lastKnownFileType = net.daringfireball.markdown; path = README.md; sourceTree = "<group>"; };
		85DBD59F2463A386007922A0 /* CHButton.h */ = {isa = PBXFileReference; lastKnownFileType = sourcecode.c.h; path = CHButton.h; sourceTree = "<group>"; };
		85DBD5A02463A386007922A0 /* CHButton.m */ = {isa = PBXFileReference; lastKnownFileType = sourcecode.c.objc; path = CHButton.m; sourceTree = "<group>"; };
		85DBD5A82463A43F007922A0 /* CHButtonController.h */ = {isa = PBXFileReference; lastKnownFileType = sourcecode.c.h; path = CHButtonController.h; sourceTree = "<group>"; };
		85DBD5A92463A43F007922A0 /* CHButtonController.m */ = {isa = PBXFileReference; lastKnownFileType = sourcecode.c.objc; path = CHButtonController.m; sourceTree = "<group>"; };
/* End PBXFileReference section */

/* Begin PBXFrameworksBuildPhase section */
		8542B20723C5D7CF0052E441 /* Frameworks */ = {
			isa = PBXFrameworksBuildPhase;
			buildActionMask = 2147483647;
			files = (
			);
			runOnlyForDeploymentPostprocessing = 0;
		};
/* End PBXFrameworksBuildPhase section */

/* Begin PBXGroup section */
		850A2069240E3AEE0036E2FD /* CHToast */ = {
			isa = PBXGroup;
			children = (
				850A206A240E3AEE0036E2FD /* JYTLoadingView.h */,
				850A206B240E3AEE0036E2FD /* JYTLoadingView.m */,
			);
			path = CHToast;
			sourceTree = "<group>";
		};
		851DDD10250E10AE007A806E /* CHSingleChiose */ = {
			isa = PBXGroup;
			children = (
				851DDD16250E114B007A806E /* CHSingleChioseView.h */,
				851DDD17250E114B007A806E /* CHSingleChioseView.m */,
			);
			name = CHSingleChiose;
			path = CHOCTool/CHSingleChiose;
			sourceTree = SOURCE_ROOT;
		};
		8542B20123C5D7CF0052E441 = {
			isa = PBXGroup;
			children = (
				8542B20C23C5D7CF0052E441 /* CHOCTool */,
				8542B20B23C5D7CF0052E441 /* Products */,
			);
			sourceTree = "<group>";
		};
		8542B20B23C5D7CF0052E441 /* Products */ = {
			isa = PBXGroup;
			children = (
				8542B20A23C5D7CF0052E441 /* CHOCTool.app */,
			);
			name = Products;
			sourceTree = "<group>";
		};
		8542B20C23C5D7CF0052E441 /* CHOCTool */ = {
			isa = PBXGroup;
			children = (
				8542B22623C5D8370052E441 /* readme.md */,
				8542B20D23C5D7CF0052E441 /* AppDelegate.h */,
				8542B20E23C5D7CF0052E441 /* AppDelegate.m */,
				8542B21023C5D7CF0052E441 /* SceneDelegate.h */,
				8542B21123C5D7CF0052E441 /* SceneDelegate.m */,
				8542B21323C5D7CF0052E441 /* ViewController.h */,
				8542B21423C5D7CF0052E441 /* ViewController.m */,
				8542B21623C5D7CF0052E441 /* Main.storyboard */,
				8542B21923C5D7D00052E441 /* Assets.xcassets */,
				8542B21B23C5D7D00052E441 /* LaunchScreen.storyboard */,
				8542B21E23C5D7D00052E441 /* Info.plist */,
				8542B21F23C5D7D00052E441 /* main.m */,
				85C54F7C23C70B0600518820 /* Resources */,
				858A55DC251357B300C1F503 /* Category */,
				85C54F7123C7073E00518820 /* Controller */,
				8545D80D2436CF520083091A /* CHAlertController */,
				8545D8092436CD160083091A /* CHProgrossHUD */,
				85A4F3AD242AFC9100D96524 /* CHCache */,
				850A2069240E3AEE0036E2FD /* CHToast */,
				85C67CE92427824F003B91E3 /* CHModel */,
				85C54F8323C7132F00518820 /* CHHash */,
				85C54F6D23C7069600518820 /* CHFileManage */,
				85DBD59E2463A379007922A0 /* CHButton */,
				857022DF2480DF05000C8D82 /* CHDelegate */,
				851DDD10250E10AE007A806E /* CHSingleChiose */,
				8545D8162436D2B00083091A /* PrefixHeader.pch */,
			);
			path = CHOCTool;
			sourceTree = "<group>";
		};
		8545D8092436CD160083091A /* CHProgrossHUD */ = {
			isa = PBXGroup;
			children = (
				8545D80B2436CD160083091A /* CHProgressHUD.h */,
				8545D80A2436CD160083091A /* CHProgressHUD.m */,
			);
			path = CHProgrossHUD;
			sourceTree = "<group>";
		};
		8545D80D2436CF520083091A /* CHAlertController */ = {
			isa = PBXGroup;
			children = (
				85BDAC4D246A71E500B9E5B8 /* CHTitleAlertController.h */,
				85BDAC4E246A71E500B9E5B8 /* CHTitleAlertController.m */,
				8523323A244AF7380008048A /* CHCenterAlertController.h */,
				8523323B244AF7380008048A /* CHCenterAlertController.m */,
				8545D80F2436CF520083091A /* CHAlertController.h */,
				8545D80E2436CF520083091A /* CHAlertController.m */,
			);
			name = CHAlertController;
			path = CHOCTool/CHAlertController;
			sourceTree = SOURCE_ROOT;
		};
		857022DF2480DF05000C8D82 /* CHDelegate */ = {
			isa = PBXGroup;
			children = (
				857022E12480DF48000C8D82 /* CHDelegateViewController.h */,
				857022E22480DF48000C8D82 /* CHDelegateViewController.m */,
				857022E02480DF48000C8D82 /* CHDelegateViewController.xib */,
				857022E52480E07E000C8D82 /* CHDelegateNextViewController.h */,
				857022E62480E07E000C8D82 /* CHDelegateNextViewController.m */,
				857022E72480E07E000C8D82 /* CHDelegateNextViewController.xib */,
				857022EA2480F34F000C8D82 /* CHDelegate.h */,
				857022ED2480F848000C8D82 /* CHDelegateManage.h */,
				857022EE2480F848000C8D82 /* CHDelegateManage.m */,
			);
			name = CHDelegate;
			path = CHOCTool/CHDelegate;
			sourceTree = SOURCE_ROOT;
		};
		858A55DC251357B300C1F503 /* Category */ = {
			isa = PBXGroup;
			children = (
				858A55E42513635E00C1F503 /* ExtendNSDictionary.h */,
				858A55E32513635E00C1F503 /* ExtendNSDictionary.m */,
				858A55DD251357B300C1F503 /* NSObject+LogUtils.m */,
				858A55DE251357B300C1F503 /* NSObject+LogUtils.h */,
			);
			path = Category;
			sourceTree = "<group>";
		};
		85A4F3AD242AFC9100D96524 /* CHCache */ = {
			isa = PBXGroup;
			children = (
				85A4F3C1242AFCA600D96524 /* CHCache.h */,
				85A4F3BA242AFCA600D96524 /* CHCache.m */,
				85A4F3BD242AFCA600D96524 /* CHDiskCache.h */,
				85A4F3BF242AFCA600D96524 /* CHDiskCache.m */,
				85A4F3C0242AFCA600D96524 /* CHKVStorage.h */,
				85A4F3BB242AFCA600D96524 /* CHKVStorage.m */,
				85A4F3BE242AFCA600D96524 /* CHMemoryCache.h */,
				85A4F3BC242AFCA600D96524 /* CHMemoryCache.m */,
			);
			path = CHCache;
			sourceTree = "<group>";
		};
		85C54F6D23C7069600518820 /* CHFileManage */ = {
			isa = PBXGroup;
			children = (
				85C54F6F23C7069600518820 /* CHFileManage.h */,
				85C54F6E23C7069600518820 /* CHFileManage.m */,
			);
			path = CHFileManage;
			sourceTree = "<group>";
		};
		85C54F7123C7073E00518820 /* Controller */ = {
			isa = PBXGroup;
			children = (
				85C54F7723C708A200518820 /* FileManageViewController.h */,
				85C54F7823C708A200518820 /* FileManageViewController.m */,
				85C54F7923C708A200518820 /* FileManageViewController.xib */,
				85C54F8723C714B000518820 /* CHHashTableViewController.h */,
				85C54F8823C714B000518820 /* CHHashTableViewController.m */,
				85C54F8923C714B000518820 /* CHHashTableViewController.xib */,
				8545D8112436D0050083091A /* TestAlertViewController.h */,
				8545D8122436D0050083091A /* TestAlertViewController.m */,
				8545D8132436D0050083091A /* TestAlertViewController.xib */,
				85DBD5A82463A43F007922A0 /* CHButtonController.h */,
				85DBD5A92463A43F007922A0 /* CHButtonController.m */,
				85631E50246B98FF00AC6F74 /* CHGCDViewController.h */,
				85631E51246B98FF00AC6F74 /* CHGCDViewController.m */,
				85631E52246B98FF00AC6F74 /* CHGCDViewController.xib */,
				858C8CEC246D444E00738236 /* CHLabelViewController.h */,
				858C8CED246D444E00738236 /* CHLabelViewController.m */,
				858C8CEE246D444E00738236 /* CHLabelViewController.xib */,
				851DDD11250E10E6007A806E /* CHSingleChioseViewController.h */,
				851DDD12250E10E6007A806E /* CHSingleChioseViewController.m */,
				851DDD13250E10E6007A806E /* CHSingleChioseViewController.xib */,
				851DDD1C250E4BCD007A806E /* CHScrolleTestViewController.h */,
				851DDD1D250E4BCD007A806E /* CHScrolleTestViewController.m */,
				851DDD1E250E4BCD007A806E /* CHScrolleTestViewController.xib */,
			);
			path = Controller;
			sourceTree = "<group>";
		};
		85C54F7C23C70B0600518820 /* Resources */ = {
			isa = PBXGroup;
			children = (
				85C54F8123C7108800518820 /* 小知识点.docx */,
			);
			path = Resources;
			sourceTree = "<group>";
		};
		85C54F8323C7132F00518820 /* CHHash */ = {
			isa = PBXGroup;
			children = (
				85C54F8423C7134800518820 /* CHHash.h */,
				85C54F8523C7134800518820 /* CHHash.m */,
			);
			path = CHHash;
			sourceTree = "<group>";
		};
		85C67CE92427824F003B91E3 /* CHModel */ = {
			isa = PBXGroup;
			children = (
				85C67CEC2427824F003B91E3 /* CHClassInfo.h */,
				85C67CEE2427824F003B91E3 /* CHClassInfo.m */,
				85C67CEA2427824F003B91E3 /* CHModel.h */,
				85C67CED2427824F003B91E3 /* NSObject+CHModel.h */,
				85C67CEB2427824F003B91E3 /* NSObject+CHModel.m */,
				85C67CF124278289003B91E3 /* README.md */,
			);
			path = CHModel;
			sourceTree = "<group>";
		};
		85DBD59E2463A379007922A0 /* CHButton */ = {
			isa = PBXGroup;
			children = (
				85DBD59F2463A386007922A0 /* CHButton.h */,
				85DBD5A02463A386007922A0 /* CHButton.m */,
			);
			path = CHButton;
			sourceTree = "<group>";
		};
/* End PBXGroup section */

/* Begin PBXNativeTarget section */
		8542B20923C5D7CF0052E441 /* CHOCTool */ = {
			isa = PBXNativeTarget;
			buildConfigurationList = 8542B22323C5D7D00052E441 /* Build configuration list for PBXNativeTarget "CHOCTool" */;
			buildPhases = (
				8542B20623C5D7CF0052E441 /* Sources */,
				8542B20723C5D7CF0052E441 /* Frameworks */,
				8542B20823C5D7CF0052E441 /* Resources */,
			);
			buildRules = (
			);
			dependencies = (
			);
			name = CHOCTool;
			productName = CHOCTool;
			productReference = 8542B20A23C5D7CF0052E441 /* CHOCTool.app */;
			productType = "com.apple.product-type.application";
		};
/* End PBXNativeTarget section */

/* Begin PBXProject section */
		8542B20223C5D7CF0052E441 /* Project object */ = {
			isa = PBXProject;
			attributes = {
				LastUpgradeCheck = 1120;
				ORGANIZATIONNAME = com.qingtiantree;
				TargetAttributes = {
					8542B20923C5D7CF0052E441 = {
						CreatedOnToolsVersion = 11.2.1;
					};
				};
			};
			buildConfigurationList = 8542B20523C5D7CF0052E441 /* Build configuration list for PBXProject "CHOCTool" */;
			compatibilityVersion = "Xcode 9.3";
			developmentRegion = en;
			hasScannedForEncodings = 0;
			knownRegions = (
				en,
				Base,
			);
			mainGroup = 8542B20123C5D7CF0052E441;
			productRefGroup = 8542B20B23C5D7CF0052E441 /* Products */;
			projectDirPath = "";
			projectRoot = "";
			targets = (
				8542B20923C5D7CF0052E441 /* CHOCTool */,
			);
		};
/* End PBXProject section */

/* Begin PBXResourcesBuildPhase section */
		8542B20823C5D7CF0052E441 /* Resources */ = {
			isa = PBXResourcesBuildPhase;
			buildActionMask = 2147483647;
			files = (
				85C54F8223C7108800518820 /* 小知识点.docx in Resources */,
				8545D8152436D0050083091A /* TestAlertViewController.xib in Resources */,
				8542B21D23C5D7D00052E441 /* LaunchScreen.storyboard in Resources */,
				858C8CF0246D444E00738236 /* CHLabelViewController.xib in Resources */,
				8542B21A23C5D7D00052E441 /* Assets.xcassets in Resources */,
				857022E32480DF48000C8D82 /* CHDelegateViewController.xib in Resources */,
				851DDD20250E4BCD007A806E /* CHScrolleTestViewController.xib in Resources */,
				85C54F8B23C714B000518820 /* CHHashTableViewController.xib in Resources */,
				85C54F7B23C708A200518820 /* FileManageViewController.xib in Resources */,
				851DDD15250E10E6007A806E /* CHSingleChioseViewController.xib in Resources */,
				8542B22723C5D8370052E441 /* readme.md in Resources */,
				85C67CF224278289003B91E3 /* README.md in Resources */,
				85631E54246B98FF00AC6F74 /* CHGCDViewController.xib in Resources */,
				857022E92480E07E000C8D82 /* CHDelegateNextViewController.xib in Resources */,
				8542B21823C5D7CF0052E441 /* Main.storyboard in Resources */,
			);
			runOnlyForDeploymentPostprocessing = 0;
		};
/* End PBXResourcesBuildPhase section */

/* Begin PBXSourcesBuildPhase section */
		8542B20623C5D7CF0052E441 /* Sources */ = {
			isa = PBXSourcesBuildPhase;
			buildActionMask = 2147483647;
			files = (
				85A4F3C4242AFCA600D96524 /* CHMemoryCache.m in Sources */,
				8542B21523C5D7CF0052E441 /* ViewController.m in Sources */,
				85631E53246B98FF00AC6F74 /* CHGCDViewController.m in Sources */,
				85A4F3C3242AFCA600D96524 /* CHKVStorage.m in Sources */,
				85C54F8623C7134800518820 /* CHHash.m in Sources */,
				857022EF2480F848000C8D82 /* CHDelegateManage.m in Sources */,
				85BDAC4F246A71E500B9E5B8 /* CHTitleAlertController.m in Sources */,
				8542B20F23C5D7CF0052E441 /* AppDelegate.m in Sources */,
				85C67CF02427824F003B91E3 /* CHClassInfo.m in Sources */,
				85C54F7023C7069600518820 /* CHFileManage.m in Sources */,
				8545D8102436CF520083091A /* CHAlertController.m in Sources */,
				85C67CEF2427824F003B91E3 /* NSObject+CHModel.m in Sources */,
				85DBD5A12463A386007922A0 /* CHButton.m in Sources */,
				858C8CEF246D444E00738236 /* CHLabelViewController.m in Sources */,
				858A55E52513635E00C1F503 /* ExtendNSDictionary.m in Sources */,
				850A206C240E3AEE0036E2FD /* JYTLoadingView.m in Sources */,
				85C54F8A23C714B000518820 /* CHHashTableViewController.m in Sources */,
				857022E42480DF48000C8D82 /* CHDelegateViewController.m in Sources */,
				8545D8142436D0050083091A /* TestAlertViewController.m in Sources */,
				85C54F7A23C708A200518820 /* FileManageViewController.m in Sources */,
				851DDD18250E114B007A806E /* CHSingleChioseView.m in Sources */,
				8545D80C2436CD160083091A /* CHProgressHUD.m in Sources */,
				857022E82480E07E000C8D82 /* CHDelegateNextViewController.m in Sources */,
				85DBD5AA2463A43F007922A0 /* CHButtonController.m in Sources */,
				858A55DF251357B300C1F503 /* NSObject+LogUtils.m in Sources */,
				85A4F3C5242AFCA600D96524 /* CHDiskCache.m in Sources */,
				8523323C244AF7380008048A /* CHCenterAlertController.m in Sources */,
				851DDD14250E10E6007A806E /* CHSingleChioseViewController.m in Sources */,
				8542B22023C5D7D00052E441 /* main.m in Sources */,
				8542B21223C5D7CF0052E441 /* SceneDelegate.m in Sources */,
				851DDD1F250E4BCD007A806E /* CHScrolleTestViewController.m in Sources */,
				85A4F3C2242AFCA600D96524 /* CHCache.m in Sources */,
			);
			runOnlyForDeploymentPostprocessing = 0;
		};
/* End PBXSourcesBuildPhase section */

/* Begin PBXVariantGroup section */
		8542B21623C5D7CF0052E441 /* Main.storyboard */ = {
			isa = PBXVariantGroup;
			children = (
				8542B21723C5D7CF0052E441 /* Base */,
			);
			name = Main.storyboard;
			sourceTree = "<group>";
		};
		8542B21B23C5D7D00052E441 /* LaunchScreen.storyboard */ = {
			isa = PBXVariantGroup;
			children = (
				8542B21C23C5D7D00052E441 /* Base */,
			);
			name = LaunchScreen.storyboard;
			sourceTree = "<group>";
		};
/* End PBXVariantGroup section */

/* Begin XCBuildConfiguration section */
		8542B22123C5D7D00052E441 /* Debug */ = {
			isa = XCBuildConfiguration;
			buildSettings = {
				ALWAYS_SEARCH_USER_PATHS = NO;
				CLANG_ANALYZER_NONNULL = YES;
				CLANG_ANALYZER_NUMBER_OBJECT_CONVERSION = YES_AGGRESSIVE;
				CLANG_CXX_LANGUAGE_STANDARD = "gnu++14";
				CLANG_CXX_LIBRARY = "libc++";
				CLANG_ENABLE_MODULES = YES;
				CLANG_ENABLE_OBJC_ARC = YES;
				CLANG_ENABLE_OBJC_WEAK = YES;
				CLANG_WARN_BLOCK_CAPTURE_AUTORELEASING = YES;
				CLANG_WARN_BOOL_CONVERSION = YES;
				CLANG_WARN_COMMA = YES;
				CLANG_WARN_CONSTANT_CONVERSION = YES;
				CLANG_WARN_DEPRECATED_OBJC_IMPLEMENTATIONS = YES;
				CLANG_WARN_DIRECT_OBJC_ISA_USAGE = YES_ERROR;
				CLANG_WARN_DOCUMENTATION_COMMENTS = YES;
				CLANG_WARN_EMPTY_BODY = YES;
				CLANG_WARN_ENUM_CONVERSION = YES;
				CLANG_WARN_INFINITE_RECURSION = YES;
				CLANG_WARN_INT_CONVERSION = YES;
				CLANG_WARN_NON_LITERAL_NULL_CONVERSION = YES;
				CLANG_WARN_OBJC_IMPLICIT_RETAIN_SELF = YES;
				CLANG_WARN_OBJC_LITERAL_CONVERSION = YES;
				CLANG_WARN_OBJC_ROOT_CLASS = YES_ERROR;
				CLANG_WARN_RANGE_LOOP_ANALYSIS = YES;
				CLANG_WARN_STRICT_PROTOTYPES = YES;
				CLANG_WARN_SUSPICIOUS_MOVE = YES;
				CLANG_WARN_UNGUARDED_AVAILABILITY = YES_AGGRESSIVE;
				CLANG_WARN_UNREACHABLE_CODE = YES;
				CLANG_WARN__DUPLICATE_METHOD_MATCH = YES;
				COPY_PHASE_STRIP = NO;
				DEBUG_INFORMATION_FORMAT = dwarf;
				ENABLE_STRICT_OBJC_MSGSEND = YES;
				ENABLE_TESTABILITY = YES;
				GCC_C_LANGUAGE_STANDARD = gnu11;
				GCC_DYNAMIC_NO_PIC = NO;
				GCC_NO_COMMON_BLOCKS = YES;
				GCC_OPTIMIZATION_LEVEL = 0;
				GCC_PREPROCESSOR_DEFINITIONS = (
					"DEBUG=1",
					"$(inherited)",
				);
				GCC_WARN_64_TO_32_BIT_CONVERSION = YES;
				GCC_WARN_ABOUT_RETURN_TYPE = YES_ERROR;
				GCC_WARN_UNDECLARED_SELECTOR = YES;
				GCC_WARN_UNINITIALIZED_AUTOS = YES_AGGRESSIVE;
				GCC_WARN_UNUSED_FUNCTION = YES;
				GCC_WARN_UNUSED_VARIABLE = YES;
				IPHONEOS_DEPLOYMENT_TARGET = 13.2;
				MTL_ENABLE_DEBUG_INFO = INCLUDE_SOURCE;
				MTL_FAST_MATH = YES;
				ONLY_ACTIVE_ARCH = YES;
				SDKROOT = iphoneos;
			};
			name = Debug;
		};
		8542B22223C5D7D00052E441 /* Release */ = {
			isa = XCBuildConfiguration;
			buildSettings = {
				ALWAYS_SEARCH_USER_PATHS = NO;
				CLANG_ANALYZER_NONNULL = YES;
				CLANG_ANALYZER_NUMBER_OBJECT_CONVERSION = YES_AGGRESSIVE;
				CLANG_CXX_LANGUAGE_STANDARD = "gnu++14";
				CLANG_CXX_LIBRARY = "libc++";
				CLANG_ENABLE_MODULES = YES;
				CLANG_ENABLE_OBJC_ARC = YES;
				CLANG_ENABLE_OBJC_WEAK = YES;
				CLANG_WARN_BLOCK_CAPTURE_AUTORELEASING = YES;
				CLANG_WARN_BOOL_CONVERSION = YES;
				CLANG_WARN_COMMA = YES;
				CLANG_WARN_CONSTANT_CONVERSION = YES;
				CLANG_WARN_DEPRECATED_OBJC_IMPLEMENTATIONS = YES;
				CLANG_WARN_DIRECT_OBJC_ISA_USAGE = YES_ERROR;
				CLANG_WARN_DOCUMENTATION_COMMENTS = YES;
				CLANG_WARN_EMPTY_BODY = YES;
				CLANG_WARN_ENUM_CONVERSION = YES;
				CLANG_WARN_INFINITE_RECURSION = YES;
				CLANG_WARN_INT_CONVERSION = YES;
				CLANG_WARN_NON_LITERAL_NULL_CONVERSION = YES;
				CLANG_WARN_OBJC_IMPLICIT_RETAIN_SELF = YES;
				CLANG_WARN_OBJC_LITERAL_CONVERSION = YES;
				CLANG_WARN_OBJC_ROOT_CLASS = YES_ERROR;
				CLANG_WARN_RANGE_LOOP_ANALYSIS = YES;
				CLANG_WARN_STRICT_PROTOTYPES = YES;
				CLANG_WARN_SUSPICIOUS_MOVE = YES;
				CLANG_WARN_UNGUARDED_AVAILABILITY = YES_AGGRESSIVE;
				CLANG_WARN_UNREACHABLE_CODE = YES;
				CLANG_WARN__DUPLICATE_METHOD_MATCH = YES;
				COPY_PHASE_STRIP = NO;
				DEBUG_INFORMATION_FORMAT = "dwarf-with-dsym";
				ENABLE_NS_ASSERTIONS = NO;
				ENABLE_STRICT_OBJC_MSGSEND = YES;
				GCC_C_LANGUAGE_STANDARD = gnu11;
				GCC_NO_COMMON_BLOCKS = YES;
				GCC_WARN_64_TO_32_BIT_CONVERSION = YES;
				GCC_WARN_ABOUT_RETURN_TYPE = YES_ERROR;
				GCC_WARN_UNDECLARED_SELECTOR = YES;
				GCC_WARN_UNINITIALIZED_AUTOS = YES_AGGRESSIVE;
				GCC_WARN_UNUSED_FUNCTION = YES;
				GCC_WARN_UNUSED_VARIABLE = YES;
				IPHONEOS_DEPLOYMENT_TARGET = 13.2;
				MTL_ENABLE_DEBUG_INFO = NO;
				MTL_FAST_MATH = YES;
				SDKROOT = iphoneos;
				VALIDATE_PRODUCT = YES;
			};
			name = Release;
		};
		8542B22423C5D7D00052E441 /* Debug */ = {
			isa = XCBuildConfiguration;
			buildSettings = {
				ASSETCATALOG_COMPILER_APPICON_NAME = AppIcon;
				CODE_SIGN_STYLE = Automatic;
				DEVELOPMENT_TEAM = SAJ95MG23S;
				GCC_PREFIX_HEADER = "$(SRCROOT)/CHOCTool/PrefixHeader.pch";
				INFOPLIST_FILE = CHOCTool/Info.plist;
				IPHONEOS_DEPLOYMENT_TARGET = 10.0;
				LD_RUNPATH_SEARCH_PATHS = (
					"$(inherited)",
					"@executable_path/Frameworks",
				);
				PRODUCT_BUNDLE_IDENTIFIER = "-01.CHOCTool";
				PRODUCT_NAME = "$(TARGET_NAME)";
				TARGETED_DEVICE_FAMILY = 1;
			};
			name = Debug;
		};
		8542B22523C5D7D00052E441 /* Release */ = {
			isa = XCBuildConfiguration;
			buildSettings = {
				ASSETCATALOG_COMPILER_APPICON_NAME = AppIcon;
				CODE_SIGN_STYLE = Automatic;
				DEVELOPMENT_TEAM = SAJ95MG23S;
				GCC_PREFIX_HEADER = "$(SRCROOT)/CHOCTool/PrefixHeader.pch";
				INFOPLIST_FILE = CHOCTool/Info.plist;
				IPHONEOS_DEPLOYMENT_TARGET = 10.0;
				LD_RUNPATH_SEARCH_PATHS = (
					"$(inherited)",
					"@executable_path/Frameworks",
				);
				PRODUCT_BUNDLE_IDENTIFIER = "-01.CHOCTool";
				PRODUCT_NAME = "$(TARGET_NAME)";
				TARGETED_DEVICE_FAMILY = 1;
			};
			name = Release;
		};
/* End XCBuildConfiguration section */

/* Begin XCConfigurationList section */
		8542B20523C5D7CF0052E441 /* Build configuration list for PBXProject "CHOCTool" */ = {
			isa = XCConfigurationList;
			buildConfigurations = (
				8542B22123C5D7D00052E441 /* Debug */,
				8542B22223C5D7D00052E441 /* Release */,
			);
			defaultConfigurationIsVisible = 0;
			defaultConfigurationName = Release;
		};
		8542B22323C5D7D00052E441 /* Build configuration list for PBXNativeTarget "CHOCTool" */ = {
			isa = XCConfigurationList;
			buildConfigurations = (
				8542B22423C5D7D00052E441 /* Debug */,
				8542B22523C5D7D00052E441 /* Release */,
			);
			defaultConfigurationIsVisible = 0;
			defaultConfigurationName = Release;
		};
/* End XCConfigurationList section */
	};
	rootObject = 8542B20223C5D7CF0052E441 /* Project object */;
}
